# THIS IS AN AUTOGENERATED FILE. DO NOT EDIT THIS FILE DIRECTLY.
# yarn lockfile v1


"@babel/runtime-corejs3@^7.26.9":
  version "7.28.2"
  resolved "https://registry.yarnpkg.com/@babel/runtime-corejs3/-/runtime-corejs3-7.28.2.tgz#1382be38259226003575d9597a57f1eb467de2e7"
  integrity sha512-FVFaVs2/dZgD3Y9ZD+AKNKjyGKzwu0C54laAXWUXgLcVXcCX6YZ6GhK2cp7FogSN2OA0Fu+QT8dP3FUdo9ShSQ==
  dependencies:
    core-js-pure "^3.43.0"

"@chevrotain/cst-dts-gen@11.0.3":
  version "11.0.3"
  resolved "https://registry.yarnpkg.com/@chevrotain/cst-dts-gen/-/cst-dts-gen-11.0.3.tgz#5e0863cc57dc45e204ccfee6303225d15d9d4783"
  integrity sha512-BvIKpRLeS/8UbfxXxgC33xOumsacaeCKAjAeLyOn7Pcp95HiRbrpl14S+9vaZLolnbssPIUuiUd8IvgkRyt6NQ==
  dependencies:
    "@chevrotain/gast" "11.0.3"
    "@chevrotain/types" "11.0.3"
    lodash-es "4.17.21"

"@chevrotain/gast@11.0.3":
  version "11.0.3"
  resolved "https://registry.yarnpkg.com/@chevrotain/gast/-/gast-11.0.3.tgz#e84d8880323fe8cbe792ef69ce3ffd43a936e818"
  integrity sha512-+qNfcoNk70PyS/uxmj3li5NiECO+2YKZZQMbmjTqRI3Qchu8Hig/Q9vgkHpI3alNjr7M+a2St5pw5w5F6NL5/Q==
  dependencies:
    "@chevrotain/types" "11.0.3"
    lodash-es "4.17.21"

"@chevrotain/regexp-to-ast@11.0.3":
  version "11.0.3"
  resolved "https://registry.yarnpkg.com/@chevrotain/regexp-to-ast/-/regexp-to-ast-11.0.3.tgz#11429a81c74a8e6a829271ce02fc66166d56dcdb"
  integrity sha512-1fMHaBZxLFvWI067AVbGJav1eRY7N8DDvYCTwGBiE/ytKBgP8azTdgyrKyWZ9Mfh09eHWb5PgTSO8wi7U824RA==

"@chevrotain/types@11.0.3":
  version "11.0.3"
  resolved "https://registry.yarnpkg.com/@chevrotain/types/-/types-11.0.3.tgz#f8a03914f7b937f594f56eb89312b3b8f1c91848"
  integrity sha512-gsiM3G8b58kZC2HaWR50gu6Y1440cHiJ+i3JUvcp/35JchYejb2+5MVeJK0iKThYpAa/P2PYFV4hoi44HD+aHQ==

"@chevrotain/utils@11.0.3":
  version "11.0.3"
  resolved "https://registry.yarnpkg.com/@chevrotain/utils/-/utils-11.0.3.tgz#e39999307b102cff3645ec4f5b3665f5297a2224"
  integrity sha512-YslZMgtJUyuMbZ+aKvfF3x1f5liK4mWNxghFRv7jqRR9C3R3fAOGTTKvxXDa2Y1s9zSbcpuO0cAxDYsc9SrXoQ==

ansi-regex@^4.1.0:
  version "4.1.1"
  resolved "https://registry.yarnpkg.com/ansi-regex/-/ansi-regex-4.1.1.tgz#164daac87ab2d6f6db3a29875e2d1766582dabed"
  integrity sha512-ILlv4k/3f6vfQ4OoP2AGvirOktlQ98ZEL1k9FaQjxa3L1abBgbuTDAdPOpvbGncC0BTVQrl+OM8xZGK6tWXt7g==

chevrotain@^11.0.3:
  version "11.0.3"
  resolved "https://registry.yarnpkg.com/chevrotain/-/chevrotain-11.0.3.tgz#88ffc1fb4b5739c715807eaeedbbf200e202fc1b"
  integrity sha512-ci2iJH6LeIkvP9eJW6gpueU8cnZhv85ELY8w8WiFtNjMHA5ad6pQLaJo9mEly/9qUyCpvqX8/POVUTf18/HFdw==
  dependencies:
    "@chevrotain/cst-dts-gen" "11.0.3"
    "@chevrotain/gast" "11.0.3"
    "@chevrotain/regexp-to-ast" "11.0.3"
    "@chevrotain/types" "11.0.3"
    "@chevrotain/utils" "11.0.3"
    lodash-es "4.17.21"

core-js-pure@^3.43.0:
  version "3.45.0"
  resolved "https://registry.yarnpkg.com/core-js-pure/-/core-js-pure-3.45.0.tgz#c753b80daf1bf732e56bf0b8cbd62797c0c1f235"
  integrity sha512-OtwjqcDpY2X/eIIg1ol/n0y/X8A9foliaNt1dSK0gV3J2/zw+89FcNG3mPK+N8YWts4ZFUPxnrAzsxs/lf8yDA==

js-toml@^1.0.2:
  version "1.0.2"
  resolved "https://registry.yarnpkg.com/js-toml/-/js-toml-1.0.2.tgz#e901e61ce582e317177470b0d16da1c123349a22"
  integrity sha512-/7IQ//bzn2a/5IDazPUNzlW7bsjxS51cxciYZDR+Z+3Le60yzT0YfI8KOWqTtBcZkXXVklhWd2OuGd8ZksB0wQ==
  dependencies:
    chevrotain "^11.0.3"
    xregexp "^5.1.1"

lodash-es@4.17.21:
  version "4.17.21"
  resolved "https://registry.yarnpkg.com/lodash-es/-/lodash-es-4.17.21.tgz#43e626c46e6591b7750beb2b50117390c609e3ee"
  integrity sha512-mKnC+QJ9pWVzv+C4/U3rRsHapFfHvQFoFB92e52xeyGMcX6/OlIl78je1u8vePzYZSkkogMPJ2yjxxsb89cxyw==

moment@^2.30.1:
  version "2.30.1"
  resolved "https://registry.yarnpkg.com/moment/-/moment-2.30.1.tgz#f8c91c07b7a786e30c59926df530b4eac96974ae"
  integrity sha512-uEmtNhbDOrWPFS+hdjFCBfy9f2YoyzRpwcl+DqpC6taX21FzsTLQVbMV/W7PzNSX6x/bhC1zA3c2UQ5NzH6how==

node-stream-zip@^1.15.0:
  version "1.15.0"
  resolved "https://registry.yarnpkg.com/node-stream-zip/-/node-stream-zip-1.15.0.tgz#158adb88ed8004c6c49a396b50a6a5de3bca33ea"
  integrity sha512-LN4fydt9TqhZhThkZIVQnF9cwjU3qmUH9h78Mx/K7d3VvfRqqwthLwJEUOEL0QPZ0XQmNN7be5Ggit5+4dq3Bw==

picocolors@^1.1.1:
  version "1.1.1"
  resolved "https://registry.yarnpkg.com/picocolors/-/picocolors-1.1.1.tgz#3d321af3eab939b083c8f929a1d12cda81c26b6b"
  integrity sha512-xceH2snhtb5M9liqDsmEw56le376mTZkEX/jEb/RxNFyegNul7eNslCXP9FDj/Lcu0X8KEyMceP2ntpaHrDEVA==

prompt-sync@^4.2.0:
  version "4.2.0"
  resolved "https://registry.yarnpkg.com/prompt-sync/-/prompt-sync-4.2.0.tgz#0198f73c5b70e3b03e4b9033a50540a7c9a1d7f4"
  integrity sha512-BuEzzc5zptP5LsgV5MZETjDaKSWfchl5U9Luiu8SKp7iZWD5tZalOxvNcZRwv+d2phNFr8xlbxmFNcRKfJOzJw==
  dependencies:
    strip-ansi "^5.0.0"

strip-ansi@^5.0.0:
  version "5.2.0"
  resolved "https://registry.yarnpkg.com/strip-ansi/-/strip-ansi-5.2.0.tgz#8c9a536feb6afc962bdfa5b104a5091c1ad9c0ae"
  integrity sha512-DuRs1gKbBqsMKIZlrffwlug8MHkcnpjs5VPmL1PAh+mA30U0DTotfDZ0d2UUsXpPmPmMMJ6W773MaA3J+lbiWA==
  dependencies:
    ansi-regex "^4.1.0"

xregexp@^5.1.1:
  version "5.1.2"
  resolved "https://registry.yarnpkg.com/xregexp/-/xregexp-5.1.2.tgz#ae4979868313d2f4dc4da9ab31ff5c2352fb969e"
  integrity sha512-6hGgEMCGhqCTFEJbqmWrNIPqfpdirdGWkqshu7fFZddmTSfgv5Sn9D2SaKloR79s5VUiUlpwzg3CM3G6D3VIlw==
  dependencies:
    "@babel/runtime-corejs3" "^7.26.9"
